{
    "_meta": {
        "hash": {
            "sha256": "9d0c6484e51d1716d677a379e6a9ca28310fb40cbfc626fe11de8f890343a087"
        },
        "pipfile-spec": 6,
        "requires": {
            "python_version": "3.7"
        },
        "sources": [
            {
                "name": "pypi",
                "url": "https://pypi.org/simple",
                "verify_ssl": true
            }
        ]
    },
    "default": {
        "gunicorn": {
            "hashes": [
                "sha256:5a3bf56a1d44c2ed15dae2f9d2a9e7c87acc3517f7225e27e4ece3098a2b5efc",
                "sha256:fe457b7093b353cefcb2ebc40d192fc7c8a62bba49da648c9e1fa0671fa654d1"
            ],
            "index": "pypi",
            "version": "==20.0.2"
        }
    },
    "develop": {}
}
